
Microsoft Visual Studio Solution File, Format Version 12.00
# Visual Studio Version 16
VisualStudioVersion = 16.0.33423.256
MinimumVisualStudioVersion = 10.0.40219.1
Project("{FAE04EC0-301F-11D3-BF4B-00C04F79EFBC}") = "SampleBJ", "SampleBJ\SampleBJ.csproj", "{128E8EEA-02AC-4E9C-83B5-D576DC065FD1}"
EndProject
Global
	GlobalSection(SolutionConfigurationPlatforms) = preSolution
		Debug|Any CPU = Debug|Any CPU
		Release|Any CPU = Release|Any CPU
	EndGlobalSection
	GlobalSection(ProjectConfigurationPlatforms) = postSolution
		{128E8EEA-02AC-4E9C-83B5-D576DC065FD1}.Debug|Any CPU.ActiveCfg = Debug|Any CPU
		{128E8EEA-02AC-4E9C-83B5-D576DC065FD1}.Debug|Any CPU.Build.0 = Debug|Any CPU
		{128E8EEA-02AC-4E9C-83B5-D576DC065FD1}.Release|Any CPU.ActiveCfg = Release|Any CPU
		{128E8EEA-02AC-4E9C-83B5-D576DC065FD1}.Release|Any CPU.Build.0 = Release|Any CPU
	EndGlobalSection
	GlobalSection(SolutionProperties) = preSolution
		HideSolutionNode = FALSE
	EndGlobalSection
	GlobalSection(ExtensibilityGlobals) = postSolution
		SolutionGuid = {EED7B257-7D77-44B2-9AF5-D1AB7B131EA7}
	EndGlobalSection
EndGlobal
